filippo.io/edwards25519 v1.1.0 h1:FNf4tywRC1HmFuKW5xopWpigGjJKiJSV0Cqo0cJWDaA=
filippo.io/edwards25519 v1.1.0/go.mod h1:BxyFTGdWcka3PhytdK4V28tE5sGfRvvvRV7EaN4VDT4=
github.com/cespare/xxhash/v2 v2.3.1-0.20240703180136-ab37246c889f h1:hVocgOJk7FLVQZgDvlSURFc9O/tOFFmKOzeMAzuVvN0=
github.com/cespare/xxhash/v2 v2.3.1-0.20240703180136-ab37246c889f/go.mod h1:VGX0DQ3Q6kWi7AoAeZDth3/j3BFtOZR5XLFGgcrjCOs=
github.com/go-sql-driver/mysql v1.8.1-0.20250123093231-85c6311943c8 h1:xyYWultHzBftA+z3Wq1myudKxBeOsqPCpjL+jl3fpeE=
github.com/go-sql-driver/mysql v1.8.1-0.20250123093231-85c6311943c8/go.mod h1:pDetrLJeA3oMujJuvXc8RJoasr589B6A9fwzD3QMrqw=
github.com/google/uuid v1.6.1-0.20241114170450-2d3c2a9cc518 h1:UBg1xk+oAsIVbFuGg6hdfAm7EvCv3EL80vFxJNsslqw=
github.com/google/uuid v1.6.1-0.20241114170450-2d3c2a9cc518/go.mod h1:TIyPZe4MgqvfeYDBFedMoGGpEw/LqOeaOT+nhxU+yHo=
github.com/spf13/cast v1.7.1 h1:cuNEagBQEHWN1FnbGEjCXL2szYEXqfJPbP2HNUaca9Y=
github.com/spf13/cast v1.7.1/go.mod h1:ancEpBxwJDODSW/UG4rDrAqiKolqNNh2DX3mk86cAdo=
